
Microsoft Visual Studio Solution File, Format Version 12.00
# Visual Studio Version 16
VisualStudioVersion = 16.0.30011.22
MinimumVisualStudioVersion = 10.0.40219.1
Project("{FAE04EC0-301F-11D3-BF4B-00C04F79EFBC}") = "SCHM2000", "SCHM2000\SCHM2000.csproj", "{8EAD1AC2-13CF-419F-ABFC-600E012338B9}"
EndProject
Global
	GlobalSection(SolutionConfigurationPlatforms) = preSolution
		Debug|Any CPU = Debug|Any CPU
		Release|Any CPU = Release|Any CPU
	EndGlobalSection
	GlobalSection(ProjectConfigurationPlatforms) = postSolution
		{8EAD1AC2-13CF-419F-ABFC-600E012338B9}.Debug|Any CPU.ActiveCfg = Debug|Any CPU
		{8EAD1AC2-13CF-419F-ABFC-600E012338B9}.Debug|Any CPU.Build.0 = Debug|Any CPU
		{8EAD1AC2-13CF-419F-ABFC-600E012338B9}.Release|Any CPU.ActiveCfg = Release|Any CPU
		{8EAD1AC2-13CF-419F-ABFC-600E012338B9}.Release|Any CPU.Build.0 = Release|Any CPU
	EndGlobalSection
	GlobalSection(SolutionProperties) = preSolution
		HideSolutionNode = FALSE
	EndGlobalSection
	GlobalSection(ExtensibilityGlobals) = postSolution
		SolutionGuid = {7FBDF4DF-500D-4C09-B584-C090E7895891}
	EndGlobalSection
EndGlobal
